
Microsoft Visual Studio Solution File, Format Version 12.00
# Visual Studio 15
VisualStudioVersion = 15.0.26430.12
MinimumVisualStudioVersion = 10.0.40219.1
Project("{FAE04EC0-301F-11D3-BF4B-00C04F79EFBC}") = "ConsoleProject", "ConsoleProject\ConsoleProject.csproj", "{CAA3090B-B32B-4E9A-BCBC-1F08F73E78CC}"
EndProject
Project("{FAE04EC0-301F-11D3-BF4B-00C04F79EFBC}") = "WindowsProject", "WindowsProject\WindowsProject.csproj", "{3B7406CE-6442-41F8-BE17-BB408B9F4186}"
EndProject
Project("{FAE04EC0-301F-11D3-BF4B-00C04F79EFBC}") = "WinApp-ch6", "WinApp-ch6\WinApp-ch6.csproj", "{235AA7A5-632A-46EE-9516-E4B0A83E7742}"
EndProject
Project("{FAE04EC0-301F-11D3-BF4B-00C04F79EFBC}") = "WebApp-ch7-8", "WebApp-ch7-8\WebApp-ch7-8.csproj", "{D589A1B9-1E3B-4CE9-B7C7-2C4C19387451}"
EndProject
Project("{FAE04EC0-301F-11D3-BF4B-00C04F79EFBC}") = "WinApp-ch9", "WinApp-ch9\WinApp-ch9.csproj", "{D623D1B9-E416-4DC6-A9B7-8A85B0DCDE11}"
EndProject
Project("{FAE04EC0-301F-11D3-BF4B-00C04F79EFBC}") = "Sample4", "Sample4\Sample4\Sample4\Sample4.csproj", "{11701B0A-61F9-4E1C-8479-819558C62933}"
EndProject
Project("{FAE04EC0-301F-11D3-BF4B-00C04F79EFBC}") = "Sample7", "Sample7\Sample7.csproj", "{2B523074-ED8B-44F6-927D-EAC5F2A2A446}"
EndProject
Project("{FAE04EC0-301F-11D3-BF4B-00C04F79EFBC}") = "WindowsFormsApplication1", "WinApp10\WindowsFormsApplication1\WindowsFormsApplication1.csproj", "{344ABCBC-9394-4B94-ADB4-D098CFB7DB21}"
EndProject
Project("{FAE04EC0-301F-11D3-BF4B-00C04F79EFBC}") = "CH01", "CH01\CH01.csproj", "{E9E32C82-181D-4F33-BE02-71DE07916CD1}"
EndProject
Project("{FAE04EC0-301F-11D3-BF4B-00C04F79EFBC}") = "CH2_1", "CH2_1\CH2_1.csproj", "{3985CA62-A9FF-4DD8-B7E7-17A2AA3C6458}"
EndProject
Project("{FAE04EC0-301F-11D3-BF4B-00C04F79EFBC}") = "CH2_2", "CH2_2\CH2_2.csproj", "{2D1D5148-20C5-4D8E-8447-F626D3685783}"
EndProject
Global
	GlobalSection(SolutionConfigurationPlatforms) = preSolution
		Debug|Any CPU = Debug|Any CPU
		Release|Any CPU = Release|Any CPU
	EndGlobalSection
	GlobalSection(ProjectConfigurationPlatforms) = postSolution
		{CAA3090B-B32B-4E9A-BCBC-1F08F73E78CC}.Debug|Any CPU.ActiveCfg = Debug|Any CPU
		{CAA3090B-B32B-4E9A-BCBC-1F08F73E78CC}.Debug|Any CPU.Build.0 = Debug|Any CPU
		{CAA3090B-B32B-4E9A-BCBC-1F08F73E78CC}.Release|Any CPU.ActiveCfg = Release|Any CPU
		{CAA3090B-B32B-4E9A-BCBC-1F08F73E78CC}.Release|Any CPU.Build.0 = Release|Any CPU
		{3B7406CE-6442-41F8-BE17-BB408B9F4186}.Debug|Any CPU.ActiveCfg = Debug|Any CPU
		{3B7406CE-6442-41F8-BE17-BB408B9F4186}.Debug|Any CPU.Build.0 = Debug|Any CPU
		{3B7406CE-6442-41F8-BE17-BB408B9F4186}.Release|Any CPU.ActiveCfg = Release|Any CPU
		{3B7406CE-6442-41F8-BE17-BB408B9F4186}.Release|Any CPU.Build.0 = Release|Any CPU
		{235AA7A5-632A-46EE-9516-E4B0A83E7742}.Debug|Any CPU.ActiveCfg = Debug|Any CPU
		{235AA7A5-632A-46EE-9516-E4B0A83E7742}.Debug|Any CPU.Build.0 = Debug|Any CPU
		{235AA7A5-632A-46EE-9516-E4B0A83E7742}.Release|Any CPU.ActiveCfg = Release|Any CPU
		{235AA7A5-632A-46EE-9516-E4B0A83E7742}.Release|Any CPU.Build.0 = Release|Any CPU
		{D589A1B9-1E3B-4CE9-B7C7-2C4C19387451}.Debug|Any CPU.ActiveCfg = Debug|Any CPU
		{D589A1B9-1E3B-4CE9-B7C7-2C4C19387451}.Debug|Any CPU.Build.0 = Debug|Any CPU
		{D589A1B9-1E3B-4CE9-B7C7-2C4C19387451}.Release|Any CPU.ActiveCfg = Release|Any CPU
		{D589A1B9-1E3B-4CE9-B7C7-2C4C19387451}.Release|Any CPU.Build.0 = Release|Any CPU
		{D623D1B9-E416-4DC6-A9B7-8A85B0DCDE11}.Debug|Any CPU.ActiveCfg = Debug|Any CPU
		{D623D1B9-E416-4DC6-A9B7-8A85B0DCDE11}.Debug|Any CPU.Build.0 = Debug|Any CPU
		{D623D1B9-E416-4DC6-A9B7-8A85B0DCDE11}.Release|Any CPU.ActiveCfg = Release|Any CPU
		{D623D1B9-E416-4DC6-A9B7-8A85B0DCDE11}.Release|Any CPU.Build.0 = Release|Any CPU
		{11701B0A-61F9-4E1C-8479-819558C62933}.Debug|Any CPU.ActiveCfg = Debug|Any CPU
		{11701B0A-61F9-4E1C-8479-819558C62933}.Debug|Any CPU.Build.0 = Debug|Any CPU
		{11701B0A-61F9-4E1C-8479-819558C62933}.Release|Any CPU.ActiveCfg = Release|Any CPU
		{11701B0A-61F9-4E1C-8479-819558C62933}.Release|Any CPU.Build.0 = Release|Any CPU
		{2B523074-ED8B-44F6-927D-EAC5F2A2A446}.Debug|Any CPU.ActiveCfg = Debug|Any CPU
		{2B523074-ED8B-44F6-927D-EAC5F2A2A446}.Debug|Any CPU.Build.0 = Debug|Any CPU
		{2B523074-ED8B-44F6-927D-EAC5F2A2A446}.Release|Any CPU.ActiveCfg = Release|Any CPU
		{2B523074-ED8B-44F6-927D-EAC5F2A2A446}.Release|Any CPU.Build.0 = Release|Any CPU
		{344ABCBC-9394-4B94-ADB4-D098CFB7DB21}.Debug|Any CPU.ActiveCfg = Debug|Any CPU
		{344ABCBC-9394-4B94-ADB4-D098CFB7DB21}.Debug|Any CPU.Build.0 = Debug|Any CPU
		{344ABCBC-9394-4B94-ADB4-D098CFB7DB21}.Release|Any CPU.ActiveCfg = Release|Any CPU
		{344ABCBC-9394-4B94-ADB4-D098CFB7DB21}.Release|Any CPU.Build.0 = Release|Any CPU
		{E9E32C82-181D-4F33-BE02-71DE07916CD1}.Debug|Any CPU.ActiveCfg = Debug|Any CPU
		{E9E32C82-181D-4F33-BE02-71DE07916CD1}.Debug|Any CPU.Build.0 = Debug|Any CPU
		{E9E32C82-181D-4F33-BE02-71DE07916CD1}.Release|Any CPU.ActiveCfg = Release|Any CPU
		{E9E32C82-181D-4F33-BE02-71DE07916CD1}.Release|Any CPU.Build.0 = Release|Any CPU
		{3985CA62-A9FF-4DD8-B7E7-17A2AA3C6458}.Debug|Any CPU.ActiveCfg = Debug|Any CPU
		{3985CA62-A9FF-4DD8-B7E7-17A2AA3C6458}.Debug|Any CPU.Build.0 = Debug|Any CPU
		{3985CA62-A9FF-4DD8-B7E7-17A2AA3C6458}.Release|Any CPU.ActiveCfg = Release|Any CPU
		{3985CA62-A9FF-4DD8-B7E7-17A2AA3C6458}.Release|Any CPU.Build.0 = Release|Any CPU
		{2D1D5148-20C5-4D8E-8447-F626D3685783}.Debug|Any CPU.ActiveCfg = Debug|Any CPU
		{2D1D5148-20C5-4D8E-8447-F626D3685783}.Debug|Any CPU.Build.0 = Debug|Any CPU
		{2D1D5148-20C5-4D8E-8447-F626D3685783}.Release|Any CPU.ActiveCfg = Release|Any CPU
		{2D1D5148-20C5-4D8E-8447-F626D3685783}.Release|Any CPU.Build.0 = Release|Any CPU
	EndGlobalSection
	GlobalSection(SolutionProperties) = preSolution
		HideSolutionNode = FALSE
	EndGlobalSection
EndGlobal
